// !$*UTF8*$!
{
	archiveVersion = 1;
	classes = {
	};
	objectVersion = 48;
	objects = {

/* Begin PBXBuildFile section */
		3262789A21DE87ABEFDB1A10 /* Pods_poker_trackerUITests.framework in Frameworks */ = {isa = PBXBuildFile; fileRef = 0140D8F7A5F566FA65774880 /* Pods_poker_trackerUITests.framework */; };
		6C718F2192460BCA008E2DB8 /* Pods_poker_trackerTests.framework in Frameworks */ = {isa = PBXBuildFile; fileRef = AC3D2E81B40402FBAA10F9B1 /* Pods_poker_trackerTests.framework */; };
		99180335593062CDE1BA34A5 /* Pods_poker_tracker.framework in Frameworks */ = {isa = PBXBuildFile; fileRef = 415A73BE1DDDE98136046432 /* Pods_poker_tracker.framework */; };
		A4A13A4420911105007340C6 /* AppDelegate.swift in Sources */ = {isa = PBXBuildFile; fileRef = A4A13A4320911105007340C6 /* AppDelegate.swift */; };
		A4A13A4620911105007340C6 /* ViewController.swift in Sources */ = {isa = PBXBuildFile; fileRef = A4A13A4520911105007340C6 /* ViewController.swift */; };
		A4A13A4920911105007340C6 /* Main.storyboard in Resources */ = {isa = PBXBuildFile; fileRef = A4A13A4720911105007340C6 /* Main.storyboard */; };
		A4A13A4B20911105007340C6 /* Assets.xcassets in Resources */ = {isa = PBXBuildFile; fileRef = A4A13A4A20911105007340C6 /* Assets.xcassets */; };
		A4A13A4E20911105007340C6 /* LaunchScreen.storyboard in Resources */ = {isa = PBXBuildFile; fileRef = A4A13A4C20911105007340C6 /* LaunchScreen.storyboard */; };
		A4A13A5920911105007340C6 /* poker_trackerTests.swift in Sources */ = {isa = PBXBuildFile; fileRef = A4A13A5820911105007340C6 /* poker_trackerTests.swift */; };
		A4A13A6420911106007340C6 /* poker_trackerUITests.swift in Sources */ = {isa = PBXBuildFile; fileRef = A4A13A6320911106007340C6 /* poker_trackerUITests.swift */; };
		A4A13A7220911237007340C6 /* GoogleService-Info.plist in Resources */ = {isa = PBXBuildFile; fileRef = A4A13A7120911237007340C6 /* GoogleService-Info.plist */; };
/* End PBXBuildFile section */

/* Begin PBXContainerItemProxy section */
		A4A13A5520911105007340C6 /* PBXContainerItemProxy */ = {
			isa = PBXContainerItemProxy;
			containerPortal = A4A13A3820911105007340C6 /* Project object */;
			proxyType = 1;
			remoteGlobalIDString = A4A13A3F20911105007340C6;
			remoteInfo = "poker-tracker";
		};
		A4A13A6020911106007340C6 /* PBXContainerItemProxy */ = {
			isa = PBXContainerItemProxy;
			containerPortal = A4A13A3820911105007340C6 /* Project object */;
			proxyType = 1;
			remoteGlobalIDString = A4A13A3F20911105007340C6;
			remoteInfo = "poker-tracker";
		};
/* End PBXContainerItemProxy section */

/* Begin PBXFileReference section */
		0140D8F7A5F566FA65774880 /* Pods_poker_trackerUITests.framework */ = {isa = PBXFileReference; explicitFileType = wrapper.framework; includeInIndex = 0; path = Pods_poker_trackerUITests.framework; sourceTree = BUILT_PRODUCTS_DIR; };
		055C2F354162E46F725CD547 /* Pods-poker-trackerUITests.debug.xcconfig */ = {isa = PBXFileReference; includeInIndex = 1; lastKnownFileType = text.xcconfig; name = "Pods-poker-trackerUITests.debug.xcconfig"; path = "Pods/Target Support Files/Pods-poker-trackerUITests/Pods-poker-trackerUITests.debug.xcconfig"; sourceTree = "<group>"; };
		415A73BE1DDDE98136046432 /* Pods_poker_tracker.framework */ = {isa = PBXFileReference; explicitFileType = wrapper.framework; includeInIndex = 0; path = Pods_poker_tracker.framework; sourceTree = BUILT_PRODUCTS_DIR; };
		7798A10AFB425D5C07A5FE8F /* Pods-poker-tracker.debug.xcconfig */ = {isa = PBXFileReference; includeInIndex = 1; lastKnownFileType = text.xcconfig; name = "Pods-poker-tracker.debug.xcconfig"; path = "Pods/Target Support Files/Pods-poker-tracker/Pods-poker-tracker.debug.xcconfig"; sourceTree = "<group>"; };
		7EAD47766468BFCF246EDAD8 /* Pods-poker-tracker.release.xcconfig */ = {isa = PBXFileReference; includeInIndex = 1; lastKnownFileType = text.xcconfig; name = "Pods-poker-tracker.release.xcconfig"; path = "Pods/Target Support Files/Pods-poker-tracker/Pods-poker-tracker.release.xcconfig"; sourceTree = "<group>"; };
		A4A13A4020911105007340C6 /* poker-tracker.app */ = {isa = PBXFileReference; explicitFileType = wrapper.application; includeInIndex = 0; path = "poker-tracker.app"; sourceTree = BUILT_PRODUCTS_DIR; };
		A4A13A4320911105007340C6 /* AppDelegate.swift */ = {isa = PBXFileReference; lastKnownFileType = sourcecode.swift; path = AppDelegate.swift; sourceTree = "<group>"; };
		A4A13A4520911105007340C6 /* ViewController.swift */ = {isa = PBXFileReference; lastKnownFileType = sourcecode.swift; path = ViewController.swift; sourceTree = "<group>"; };
		A4A13A4820911105007340C6 /* Base */ = {isa = PBXFileReference; lastKnownFileType = file.storyboard; name = Base; path = Base.lproj/Main.storyboard; sourceTree = "<group>"; };
		A4A13A4A20911105007340C6 /* Assets.xcassets */ = {isa = PBXFileReference; lastKnownFileType = folder.assetcatalog; path = Assets.xcassets; sourceTree = "<group>"; };
		A4A13A4D20911105007340C6 /* Base */ = {isa = PBXFileReference; lastKnownFileType = file.storyboard; name = Base; path = Base.lproj/LaunchScreen.storyboard; sourceTree = "<group>"; };
		A4A13A4F20911105007340C6 /* Info.plist */ = {isa = PBXFileReference; lastKnownFileType = text.plist.xml; path = Info.plist; sourceTree = "<group>"; };
		A4A13A5420911105007340C6 /* poker-trackerTests.xctest */ = {isa = PBXFileReference; explicitFileType = wrapper.cfbundle; includeInIndex = 0; path = "poker-trackerTests.xctest"; sourceTree = BUILT_PRODUCTS_DIR; };
		A4A13A5820911105007340C6 /* poker_trackerTests.swift */ = {isa = PBXFileReference; lastKnownFileType = sourcecode.swift; path = poker_trackerTests.swift; sourceTree = "<group>"; };
		A4A13A5A20911105007340C6 /* Info.plist */ = {isa = PBXFileReference; lastKnownFileType = text.plist.xml; path = Info.plist; sourceTree = "<group>"; };
		A4A13A5F20911106007340C6 /* poker-trackerUITests.xctest */ = {isa = PBXFileReference; explicitFileType = wrapper.cfbundle; includeInIndex = 0; path = "poker-trackerUITests.xctest"; sourceTree = BUILT_PRODUCTS_DIR; };
		A4A13A6320911106007340C6 /* poker_trackerUITests.swift */ = {isa = PBXFileReference; lastKnownFileType = sourcecode.swift; path = poker_trackerUITests.swift; sourceTree = "<group>"; };
		A4A13A6520911106007340C6 /* Info.plist */ = {isa = PBXFileReference; lastKnownFileType = text.plist.xml; path = Info.plist; sourceTree = "<group>"; };
		A4A13A7120911237007340C6 /* GoogleService-Info.plist */ = {isa = PBXFileReference; fileEncoding = 4; lastKnownFileType = text.plist.xml; path = "GoogleService-Info.plist"; sourceTree = SOURCE_ROOT; };
		A5443B52861CD40798842D3A /* Pods-poker-trackerUITests.release.xcconfig */ = {isa = PBXFileReference; includeInIndex = 1; lastKnownFileType = text.xcconfig; name = "Pods-poker-trackerUITests.release.xcconfig"; path = "Pods/Target Support Files/Pods-poker-trackerUITests/Pods-poker-trackerUITests.release.xcconfig"; sourceTree = "<group>"; };
		AC3D2E81B40402FBAA10F9B1 /* Pods_poker_trackerTests.framework */ = {isa = PBXFileReference; explicitFileType = wrapper.framework; includeInIndex = 0; path = Pods_poker_trackerTests.framework; sourceTree = BUILT_PRODUCTS_DIR; };
		F2E8E93861395FF625DFAE57 /* Pods-poker-trackerTests.debug.xcconfig */ = {isa = PBXFileReference; includeInIndex = 1; lastKnownFileType = text.xcconfig; name = "Pods-poker-trackerTests.debug.xcconfig"; path = "Pods/Target Support Files/Pods-poker-trackerTests/Pods-poker-trackerTests.debug.xcconfig"; sourceTree = "<group>"; };
		FC1013B46418E2604C46C091 /* Pods-poker-trackerTests.release.xcconfig */ = {isa = PBXFileReference; includeInIndex = 1; lastKnownFileType = text.xcconfig; name = "Pods-poker-trackerTests.release.xcconfig"; path = "Pods/Target Support Files/Pods-poker-trackerTests/Pods-poker-trackerTests.release.xcconfig"; sourceTree = "<group>"; };
/* End PBXFileReference section */

/* Begin PBXFrameworksBuildPhase section */
		A4A13A3D20911105007340C6 /* Frameworks */ = {
			isa = PBXFrameworksBuildPhase;
			buildActionMask = 2147483647;
			files = (
				99180335593062CDE1BA34A5 /* Pods_poker_tracker.framework in Frameworks */,
			);
			runOnlyForDeploymentPostprocessing = 0;
		};
		A4A13A5120911105007340C6 /* Frameworks */ = {
			isa = PBXFrameworksBuildPhase;
			buildActionMask = 2147483647;
			files = (
				6C718F2192460BCA008E2DB8 /* Pods_poker_trackerTests.framework in Frameworks */,
			);
			runOnlyForDeploymentPostprocessing = 0;
		};
		A4A13A5C20911106007340C6 /* Frameworks */ = {
			isa = PBXFrameworksBuildPhase;
			buildActionMask = 2147483647;
			files = (
				3262789A21DE87ABEFDB1A10 /* Pods_poker_trackerUITests.framework in Frameworks */,
			);
			runOnlyForDeploymentPostprocessing = 0;
		};
/* End PBXFrameworksBuildPhase section */

/* Begin PBXGroup section */
		935725F55FBC5FB27CA1E685 /* Frameworks */ = {
			isa = PBXGroup;
			children = (
				415A73BE1DDDE98136046432 /* Pods_poker_tracker.framework */,
				AC3D2E81B40402FBAA10F9B1 /* Pods_poker_trackerTests.framework */,
				0140D8F7A5F566FA65774880 /* Pods_poker_trackerUITests.framework */,
			);
			name = Frameworks;
			sourceTree = "<group>";
		};
		A4A13A3720911105007340C6 = {
			isa = PBXGroup;
			children = (
				A4A13A4220911105007340C6 /* poker-tracker */,
				A4A13A5720911105007340C6 /* poker-trackerTests */,
				A4A13A6220911106007340C6 /* poker-trackerUITests */,
				A4A13A4120911105007340C6 /* Products */,
				C6A6DEB7FFD4493C752970B0 /* Pods */,
				935725F55FBC5FB27CA1E685 /* Frameworks */,
			);
			sourceTree = "<group>";
		};
		A4A13A4120911105007340C6 /* Products */ = {
			isa = PBXGroup;
			children = (
				A4A13A4020911105007340C6 /* poker-tracker.app */,
				A4A13A5420911105007340C6 /* poker-trackerTests.xctest */,
				A4A13A5F20911106007340C6 /* poker-trackerUITests.xctest */,
			);
			name = Products;
			sourceTree = "<group>";
		};
		A4A13A4220911105007340C6 /* poker-tracker */ = {
			isa = PBXGroup;
			children = (
				A4A13A4320911105007340C6 /* AppDelegate.swift */,
				A4A13A4520911105007340C6 /* ViewController.swift */,
				A4A13A4720911105007340C6 /* Main.storyboard */,
				A4A13A4A20911105007340C6 /* Assets.xcassets */,
				A4A13A4C20911105007340C6 /* LaunchScreen.storyboard */,
				A4A13A4F20911105007340C6 /* Info.plist */,
				A4A13A7120911237007340C6 /* GoogleService-Info.plist */,
			);
			path = "poker-tracker";
			sourceTree = "<group>";
		};
		A4A13A5720911105007340C6 /* poker-trackerTests */ = {
			isa = PBXGroup;
			children = (
				A4A13A5820911105007340C6 /* poker_trackerTests.swift */,
				A4A13A5A20911105007340C6 /* Info.plist */,
			);
			path = "poker-trackerTests";
			sourceTree = "<group>";
		};
		A4A13A6220911106007340C6 /* poker-trackerUITests */ = {
			isa = PBXGroup;
			children = (
				A4A13A6320911106007340C6 /* poker_trackerUITests.swift */,
				A4A13A6520911106007340C6 /* Info.plist */,
			);
			path = "poker-trackerUITests";
			sourceTree = "<group>";
		};
		C6A6DEB7FFD4493C752970B0 /* Pods */ = {
			isa = PBXGroup;
			children = (
				7798A10AFB425D5C07A5FE8F /* Pods-poker-tracker.debug.xcconfig */,
				7EAD47766468BFCF246EDAD8 /* Pods-poker-tracker.release.xcconfig */,
				F2E8E93861395FF625DFAE57 /* Pods-poker-trackerTests.debug.xcconfig */,
				FC1013B46418E2604C46C091 /* Pods-poker-trackerTests.release.xcconfig */,
				055C2F354162E46F725CD547 /* Pods-poker-trackerUITests.debug.xcconfig */,
				A5443B52861CD40798842D3A /* Pods-poker-trackerUITests.release.xcconfig */,
			);
			name = Pods;
			sourceTree = "<group>";
		};
/* End PBXGroup section */

/* Begin PBXNativeTarget section */
		A4A13A3F20911105007340C6 /* poker-tracker */ = {
			isa = PBXNativeTarget;
			buildConfigurationList = A4A13A6820911106007340C6 /* Build configuration list for PBXNativeTarget "poker-tracker" */;
			buildPhases = (
				36924F9F9CC4FE1EC4E17663 /* [CP] Check Pods Manifest.lock */,
				A4A13A3C20911105007340C6 /* Sources */,
				A4A13A3D20911105007340C6 /* Frameworks */,
				A4A13A3E20911105007340C6 /* Resources */,
				5C1D5830D90B398EF44D83C4 /* [CP] Embed Pods Frameworks */,
				D395D9E094984584CB55F3B1 /* [CP] Copy Pods Resources */,
			);
			buildRules = (
			);
			dependencies = (
			);
			name = "poker-tracker";
			productName = "poker-tracker";
			productReference = A4A13A4020911105007340C6 /* poker-tracker.app */;
			productType = "com.apple.product-type.application";
		};
		A4A13A5320911105007340C6 /* poker-trackerTests */ = {
			isa = PBXNativeTarget;
			buildConfigurationList = A4A13A6B20911106007340C6 /* Build configuration list for PBXNativeTarget "poker-trackerTests" */;
			buildPhases = (
				A7899BF003F649F2A9AC3C6D /* [CP] Check Pods Manifest.lock */,
				A4A13A5020911105007340C6 /* Sources */,
				A4A13A5120911105007340C6 /* Frameworks */,
				A4A13A5220911105007340C6 /* Resources */,
				F9B50B421ED34996CEDC59F4 /* [CP] Embed Pods Frameworks */,
				B4878661E20DB6B9065107A1 /* [CP] Copy Pods Resources */,
			);
			buildRules = (
			);
			dependencies = (
				A4A13A5620911105007340C6 /* PBXTargetDependency */,
			);
			name = "poker-trackerTests";
			productName = "poker-trackerTests";
			productReference = A4A13A5420911105007340C6 /* poker-trackerTests.xctest */;
			productType = "com.apple.product-type.bundle.unit-test";
		};
		A4A13A5E20911106007340C6 /* poker-trackerUITests */ = {
			isa = PBXNativeTarget;
			buildConfigurationList = A4A13A6E20911106007340C6 /* Build configuration list for PBXNativeTarget "poker-trackerUITests" */;
			buildPhases = (
				8E2B772298C5F9A9751D56FE /* [CP] Check Pods Manifest.lock */,
				A4A13A5B20911106007340C6 /* Sources */,
				A4A13A5C20911106007340C6 /* Frameworks */,
				A4A13A5D20911106007340C6 /* Resources */,
				6F9426B0743D473E4FBD6ED4 /* [CP] Embed Pods Frameworks */,
				8AB93C1BC0A7A878BE4FA1B9 /* [CP] Copy Pods Resources */,
			);
			buildRules = (
			);
			dependencies = (
				A4A13A6120911106007340C6 /* PBXTargetDependency */,
			);
			name = "poker-trackerUITests";
			productName = "poker-trackerUITests";
			productReference = A4A13A5F20911106007340C6 /* poker-trackerUITests.xctest */;
			productType = "com.apple.product-type.bundle.ui-testing";
		};
/* End PBXNativeTarget section */

/* Begin PBXProject section */
		A4A13A3820911105007340C6 /* Project object */ = {
			isa = PBXProject;
			attributes = {
				LastSwiftUpdateCheck = 0920;
				LastUpgradeCheck = 0920;
				ORGANIZATIONNAME = "Alex Constantine";
				TargetAttributes = {
					A4A13A3F20911105007340C6 = {
						CreatedOnToolsVersion = 9.2;
						ProvisioningStyle = Automatic;
					};
					A4A13A5320911105007340C6 = {
						CreatedOnToolsVersion = 9.2;
						ProvisioningStyle = Automatic;
						TestTargetID = A4A13A3F20911105007340C6;
					};
					A4A13A5E20911106007340C6 = {
						CreatedOnToolsVersion = 9.2;
						ProvisioningStyle = Automatic;
						TestTargetID = A4A13A3F20911105007340C6;
					};
				};
			};
			buildConfigurationList = A4A13A3B20911105007340C6 /* Build configuration list for PBXProject "poker-tracker" */;
			compatibilityVersion = "Xcode 8.0";
			developmentRegion = en;
			hasScannedForEncodings = 0;
			knownRegions = (
				en,
				Base,
			);
			mainGroup = A4A13A3720911105007340C6;
			productRefGroup = A4A13A4120911105007340C6 /* Products */;
			projectDirPath = "";
			projectRoot = "";
			targets = (
				A4A13A3F20911105007340C6 /* poker-tracker */,
				A4A13A5320911105007340C6 /* poker-trackerTests */,
				A4A13A5E20911106007340C6 /* poker-trackerUITests */,
			);
		};
/* End PBXProject section */

/* Begin PBXResourcesBuildPhase section */
		A4A13A3E20911105007340C6 /* Resources */ = {
			isa = PBXResourcesBuildPhase;
			buildActionMask = 2147483647;
			files = (
				A4A13A4E20911105007340C6 /* LaunchScreen.storyboard in Resources */,
				A4A13A7220911237007340C6 /* GoogleService-Info.plist in Resources */,
				A4A13A4B20911105007340C6 /* Assets.xcassets in Resources */,
				A4A13A4920911105007340C6 /* Main.storyboard in Resources */,
			);
			runOnlyForDeploymentPostprocessing = 0;
		};
		A4A13A5220911105007340C6 /* Resources */ = {
			isa = PBXResourcesBuildPhase;
			buildActionMask = 2147483647;
			files = (
			);
			runOnlyForDeploymentPostprocessing = 0;
		};
		A4A13A5D20911106007340C6 /* Resources */ = {
			isa = PBXResourcesBuildPhase;
			buildActionMask = 2147483647;
			files = (
			);
			runOnlyForDeploymentPostprocessing = 0;
		};
/* End PBXResourcesBuildPhase section */

/* Begin PBXShellScriptBuildPhase section */
		36924F9F9CC4FE1EC4E17663 /* [CP] Check Pods Manifest.lock */ = {
			isa = PBXShellScriptBuildPhase;
			buildActionMask = 2147483647;
			files = (
			);
			inputPaths = (
				"${PODS_PODFILE_DIR_PATH}/Podfile.lock",
				"${PODS_ROOT}/Manifest.lock",
			);
			name = "[CP] Check Pods Manifest.lock";
			outputPaths = (
				"$(DERIVED_FILE_DIR)/Pods-poker-tracker-checkManifestLockResult.txt",
			);
			runOnlyForDeploymentPostprocessing = 0;
			shellPath = /bin/sh;
			shellScript = "diff \"${PODS_PODFILE_DIR_PATH}/Podfile.lock\" \"${PODS_ROOT}/Manifest.lock\" > /dev/null\nif [ $? != 0 ] ; then\n    # print error to STDERR\n    echo \"error: The sandbox is not in sync with the Podfile.lock. Run 'pod install' or update your CocoaPods installation.\" >&2\n    exit 1\nfi\n# This output is used by Xcode 'outputs' to avoid re-running this script phase.\necho \"SUCCESS\" > \"${SCRIPT_OUTPUT_FILE_0}\"\n";
			showEnvVarsInLog = 0;
		};
		5C1D5830D90B398EF44D83C4 /* [CP] Embed Pods Frameworks */ = {
			isa = PBXShellScriptBuildPhase;
			buildActionMask = 2147483647;
			files = (
			);
			inputPaths = (
				"${SRCROOT}/Pods/Target Support Files/Pods-poker-tracker/Pods-poker-tracker-frameworks.sh",
				"${BUILT_PRODUCTS_DIR}/GoogleToolboxForMac/GoogleToolboxForMac.framework",
				"${BUILT_PRODUCTS_DIR}/nanopb/nanopb.framework",
			);
			name = "[CP] Embed Pods Frameworks";
			outputPaths = (
				"${TARGET_BUILD_DIR}/${FRAMEWORKS_FOLDER_PATH}/GoogleToolboxForMac.framework",
				"${TARGET_BUILD_DIR}/${FRAMEWORKS_FOLDER_PATH}/nanopb.framework",
			);
			runOnlyForDeploymentPostprocessing = 0;
			shellPath = /bin/sh;
			shellScript = "\"${SRCROOT}/Pods/Target Support Files/Pods-poker-tracker/Pods-poker-tracker-frameworks.sh\"\n";
			showEnvVarsInLog = 0;
		};
		6F9426B0743D473E4FBD6ED4 /* [CP] Embed Pods Frameworks */ = {
			isa = PBXShellScriptBuildPhase;
			buildActionMask = 2147483647;
			files = (
			);
			inputPaths = (
			);
			name = "[CP] Embed Pods Frameworks";
			outputPaths = (
			);
			runOnlyForDeploymentPostprocessing = 0;
			shellPath = /bin/sh;
			shellScript = "\"${SRCROOT}/Pods/Target Support Files/Pods-poker-trackerUITests/Pods-poker-trackerUITests-frameworks.sh\"\n";
			showEnvVarsInLog = 0;
		};
		8AB93C1BC0A7A878BE4FA1B9 /* [CP] Copy Pods Resources */ = {
			isa = PBXShellScriptBuildPhase;
			buildActionMask = 2147483647;
			files = (
			);
			inputPaths = (
			);
			name = "[CP] Copy Pods Resources";
			outputPaths = (
			);
			runOnlyForDeploymentPostprocessing = 0;
			shellPath = /bin/sh;
			shellScript = "\"${SRCROOT}/Pods/Target Support Files/Pods-poker-trackerUITests/Pods-poker-trackerUITests-resources.sh\"\n";
			showEnvVarsInLog = 0;
		};
		8E2B772298C5F9A9751D56FE /* [CP] Check Pods Manifest.lock */ = {
			isa = PBXShellScriptBuildPhase;
			buildActionMask = 2147483647;
			files = (
			);
			inputPaths = (
				"${PODS_PODFILE_DIR_PATH}/Podfile.lock",
				"${PODS_ROOT}/Manifest.lock",
			);
			name = "[CP] Check Pods Manifest.lock";
			outputPaths = (
				"$(DERIVED_FILE_DIR)/Pods-poker-trackerUITests-checkManifestLockResult.txt",
			);
			runOnlyForDeploymentPostprocessing = 0;
			shellPath = /bin/sh;
			shellScript = "diff \"${PODS_PODFILE_DIR_PATH}/Podfile.lock\" \"${PODS_ROOT}/Manifest.lock\" > /dev/null\nif [ $? != 0 ] ; then\n    # print error to STDERR\n    echo \"error: The sandbox is not in sync with the Podfile.lock. Run 'pod install' or update your CocoaPods installation.\" >&2\n    exit 1\nfi\n# This output is used by Xcode 'outputs' to avoid re-running this script phase.\necho \"SUCCESS\" > \"${SCRIPT_OUTPUT_FILE_0}\"\n";
			showEnvVarsInLog = 0;
		};
		A7899BF003F649F2A9AC3C6D /* [CP] Check Pods Manifest.lock */ = {
			isa = PBXShellScriptBuildPhase;
			buildActionMask = 2147483647;
			files = (
			);
			inputPaths = (
				"${PODS_PODFILE_DIR_PATH}/Podfile.lock",
				"${PODS_ROOT}/Manifest.lock",
			);
			name = "[CP] Check Pods Manifest.lock";
			outputPaths = (
				"$(DERIVED_FILE_DIR)/Pods-poker-trackerTests-checkManifestLockResult.txt",
			);
			runOnlyForDeploymentPostprocessing = 0;
			shellPath = /bin/sh;
			shellScript = "diff \"${PODS_PODFILE_DIR_PATH}/Podfile.lock\" \"${PODS_ROOT}/Manifest.lock\" > /dev/null\nif [ $? != 0 ] ; then\n    # print error to STDERR\n    echo \"error: The sandbox is not in sync with the Podfile.lock. Run 'pod install' or update your CocoaPods installation.\" >&2\n    exit 1\nfi\n# This output is used by Xcode 'outputs' to avoid re-running this script phase.\necho \"SUCCESS\" > \"${SCRIPT_OUTPUT_FILE_0}\"\n";
			showEnvVarsInLog = 0;
		};
		B4878661E20DB6B9065107A1 /* [CP] Copy Pods Resources */ = {
			isa = PBXShellScriptBuildPhase;
			buildActionMask = 2147483647;
			files = (
			);
			inputPaths = (
			);
			name = "[CP] Copy Pods Resources";
			outputPaths = (
			);
			runOnlyForDeploymentPostprocessing = 0;
			shellPath = /bin/sh;
			shellScript = "\"${SRCROOT}/Pods/Target Support Files/Pods-poker-trackerTests/Pods-poker-trackerTests-resources.sh\"\n";
			showEnvVarsInLog = 0;
		};
		D395D9E094984584CB55F3B1 /* [CP] Copy Pods Resources */ = {
			isa = PBXShellScriptBuildPhase;
			buildActionMask = 2147483647;
			files = (
			);
			inputPaths = (
			);
			name = "[CP] Copy Pods Resources";
			outputPaths = (
			);
			runOnlyForDeploymentPostprocessing = 0;
			shellPath = /bin/sh;
			shellScript = "\"${SRCROOT}/Pods/Target Support Files/Pods-poker-tracker/Pods-poker-tracker-resources.sh\"\n";
			showEnvVarsInLog = 0;
		};
		F9B50B421ED34996CEDC59F4 /* [CP] Embed Pods Frameworks */ = {
			isa = PBXShellScriptBuildPhase;
			buildActionMask = 2147483647;
			files = (
			);
			inputPaths = (
			);
			name = "[CP] Embed Pods Frameworks";
			outputPaths = (
			);
			runOnlyForDeploymentPostprocessing = 0;
			shellPath = /bin/sh;
			shellScript = "\"${SRCROOT}/Pods/Target Support Files/Pods-poker-trackerTests/Pods-poker-trackerTests-frameworks.sh\"\n";
			showEnvVarsInLog = 0;
		};
/* End PBXShellScriptBuildPhase section */

/* Begin PBXSourcesBuildPhase section */
		A4A13A3C20911105007340C6 /* Sources */ = {
			isa = PBXSourcesBuildPhase;
			buildActionMask = 2147483647;
			files = (
				A4A13A4620911105007340C6 /* ViewController.swift in Sources */,
				A4A13A4420911105007340C6 /* AppDelegate.swift in Sources */,
			);
			runOnlyForDeploymentPostprocessing = 0;
		};
		A4A13A5020911105007340C6 /* Sources */ = {
			isa = PBXSourcesBuildPhase;
			buildActionMask = 2147483647;
			files = (
				A4A13A5920911105007340C6 /* poker_trackerTests.swift in Sources */,
			);
			runOnlyForDeploymentPostprocessing = 0;
		};
		A4A13A5B20911106007340C6 /* Sources */ = {
			isa = PBXSourcesBuildPhase;
			buildActionMask = 2147483647;
			files = (
				A4A13A6420911106007340C6 /* poker_trackerUITests.swift in Sources */,
			);
			runOnlyForDeploymentPostprocessing = 0;
		};
/* End PBXSourcesBuildPhase section */

/* Begin PBXTargetDependency section */
		A4A13A5620911105007340C6 /* PBXTargetDependency */ = {
			isa = PBXTargetDependency;
			target = A4A13A3F20911105007340C6 /* poker-tracker */;
			targetProxy = A4A13A5520911105007340C6 /* PBXContainerItemProxy */;
		};
		A4A13A6120911106007340C6 /* PBXTargetDependency */ = {
			isa = PBXTargetDependency;
			target = A4A13A3F20911105007340C6 /* poker-tracker */;
			targetProxy = A4A13A6020911106007340C6 /* PBXContainerItemProxy */;
		};
/* End PBXTargetDependency section */

/* Begin PBXVariantGroup section */
		A4A13A4720911105007340C6 /* Main.storyboard */ = {
			isa = PBXVariantGroup;
			children = (
				A4A13A4820911105007340C6 /* Base */,
			);
			name = Main.storyboard;
			sourceTree = "<group>";
		};
		A4A13A4C20911105007340C6 /* LaunchScreen.storyboard */ = {
			isa = PBXVariantGroup;
			children = (
				A4A13A4D20911105007340C6 /* Base */,
			);
			name = LaunchScreen.storyboard;
			sourceTree = "<group>";
		};
/* End PBXVariantGroup section */

/* Begin XCBuildConfiguration section */
		A4A13A6620911106007340C6 /* Debug */ = {
			isa = XCBuildConfiguration;
			buildSettings = {
				ALWAYS_SEARCH_USER_PATHS = NO;
				CLANG_ANALYZER_NONNULL = YES;
				CLANG_ANALYZER_NUMBER_OBJECT_CONVERSION = YES_AGGRESSIVE;
				CLANG_CXX_LANGUAGE_STANDARD = "gnu++14";
				CLANG_CXX_LIBRARY = "libc++";
				CLANG_ENABLE_MODULES = YES;
				CLANG_ENABLE_OBJC_ARC = YES;
				CLANG_WARN_BLOCK_CAPTURE_AUTORELEASING = YES;
				CLANG_WARN_BOOL_CONVERSION = YES;
				CLANG_WARN_COMMA = YES;
				CLANG_WARN_CONSTANT_CONVERSION = YES;
				CLANG_WARN_DIRECT_OBJC_ISA_USAGE = YES_ERROR;
				CLANG_WARN_DOCUMENTATION_COMMENTS = YES;
				CLANG_WARN_EMPTY_BODY = YES;
				CLANG_WARN_ENUM_CONVERSION = YES;
				CLANG_WARN_INFINITE_RECURSION = YES;
				CLANG_WARN_INT_CONVERSION = YES;
				CLANG_WARN_NON_LITERAL_NULL_CONVERSION = YES;
				CLANG_WARN_OBJC_LITERAL_CONVERSION = YES;
				CLANG_WARN_OBJC_ROOT_CLASS = YES_ERROR;
				CLANG_WARN_RANGE_LOOP_ANALYSIS = YES;
				CLANG_WARN_STRICT_PROTOTYPES = YES;
				CLANG_WARN_SUSPICIOUS_MOVE = YES;
				CLANG_WARN_UNGUARDED_AVAILABILITY = YES_AGGRESSIVE;
				CLANG_WARN_UNREACHABLE_CODE = YES;
				CLANG_WARN__DUPLICATE_METHOD_MATCH = YES;
				CODE_SIGN_IDENTITY = "iPhone Developer";
				COPY_PHASE_STRIP = NO;
				DEBUG_INFORMATION_FORMAT = dwarf;
				ENABLE_STRICT_OBJC_MSGSEND = YES;
				ENABLE_TESTABILITY = YES;
				GCC_C_LANGUAGE_STANDARD = gnu11;
				GCC_DYNAMIC_NO_PIC = NO;
				GCC_NO_COMMON_BLOCKS = YES;
				GCC_OPTIMIZATION_LEVEL = 0;
				GCC_PREPROCESSOR_DEFINITIONS = (
					"DEBUG=1",
					"$(inherited)",
				);
				GCC_WARN_64_TO_32_BIT_CONVERSION = YES;
				GCC_WARN_ABOUT_RETURN_TYPE = YES_ERROR;
				GCC_WARN_UNDECLARED_SELECTOR = YES;
				GCC_WARN_UNINITIALIZED_AUTOS = YES_AGGRESSIVE;
				GCC_WARN_UNUSED_FUNCTION = YES;
				GCC_WARN_UNUSED_VARIABLE = YES;
				IPHONEOS_DEPLOYMENT_TARGET = 11.2;
				MTL_ENABLE_DEBUG_INFO = YES;
				ONLY_ACTIVE_ARCH = YES;
				SDKROOT = iphoneos;
				SWIFT_ACTIVE_COMPILATION_CONDITIONS = DEBUG;
				SWIFT_OPTIMIZATION_LEVEL = "-Onone";
			};
			name = Debug;
		};
		A4A13A6720911106007340C6 /* Release */ = {
			isa = XCBuildConfiguration;
			buildSettings = {
				ALWAYS_SEARCH_USER_PATHS = NO;
				CLANG_ANALYZER_NONNULL = YES;
				CLANG_ANALYZER_NUMBER_OBJECT_CONVERSION = YES_AGGRESSIVE;
				CLANG_CXX_LANGUAGE_STANDARD = "gnu++14";
				CLANG_CXX_LIBRARY = "libc++";
				CLANG_ENABLE_MODULES = YES;
				CLANG_ENABLE_OBJC_ARC = YES;
				CLANG_WARN_BLOCK_CAPTURE_AUTORELEASING = YES;
				CLANG_WARN_BOOL_CONVERSION = YES;
				CLANG_WARN_COMMA = YES;
				CLANG_WARN_CONSTANT_CONVERSION = YES;
				CLANG_WARN_DIRECT_OBJC_ISA_USAGE = YES_ERROR;
				CLANG_WARN_DOCUMENTATION_COMMENTS = YES;
				CLANG_WARN_EMPTY_BODY = YES;
				CLANG_WARN_ENUM_CONVERSION = YES;
				CLANG_WARN_INFINITE_RECURSION = YES;
				CLANG_WARN_INT_CONVERSION = YES;
				CLANG_WARN_NON_LITERAL_NULL_CONVERSION = YES;
				CLANG_WARN_OBJC_LITERAL_CONVERSION = YES;
				CLANG_WARN_OBJC_ROOT_CLASS = YES_ERROR;
				CLANG_WARN_RANGE_LOOP_ANALYSIS = YES;
				CLANG_WARN_STRICT_PROTOTYPES = YES;
				CLANG_WARN_SUSPICIOUS_MOVE = YES;
				CLANG_WARN_UNGUARDED_AVAILABILITY = YES_AGGRESSIVE;
				CLANG_WARN_UNREACHABLE_CODE = YES;
				CLANG_WARN__DUPLICATE_METHOD_MATCH = YES;
				CODE_SIGN_IDENTITY = "iPhone Developer";
				COPY_PHASE_STRIP = NO;
				DEBUG_INFORMATION_FORMAT = "dwarf-with-dsym";
				ENABLE_NS_ASSERTIONS = NO;
				ENABLE_STRICT_OBJC_MSGSEND = YES;
				GCC_C_LANGUAGE_STANDARD = gnu11;
				GCC_NO_COMMON_BLOCKS = YES;
				GCC_WARN_64_TO_32_BIT_CONVERSION = YES;
				GCC_WARN_ABOUT_RETURN_TYPE = YES_ERROR;
				GCC_WARN_UNDECLARED_SELECTOR = YES;
				GCC_WARN_UNINITIALIZED_AUTOS = YES_AGGRESSIVE;
				GCC_WARN_UNUSED_FUNCTION = YES;
				GCC_WARN_UNUSED_VARIABLE = YES;
				IPHONEOS_DEPLOYMENT_TARGET = 11.2;
				MTL_ENABLE_DEBUG_INFO = NO;
				SDKROOT = iphoneos;
				SWIFT_OPTIMIZATION_LEVEL = "-Owholemodule";
				VALIDATE_PRODUCT = YES;
			};
			name = Release;
		};
		A4A13A6920911106007340C6 /* Debug */ = {
			isa = XCBuildConfiguration;
			baseConfigurationReference = 7798A10AFB425D5C07A5FE8F /* Pods-poker-tracker.debug.xcconfig */;
			buildSettings = {
				ASSETCATALOG_COMPILER_APPICON_NAME = AppIcon;
				CODE_SIGN_STYLE = Automatic;
				DEVELOPMENT_TEAM = 6H3MF736FD;
				INFOPLIST_FILE = "poker-tracker/Info.plist";
				LD_RUNPATH_SEARCH_PATHS = "$(inherited) @executable_path/Frameworks";
				PRODUCT_BUNDLE_IDENTIFIER = "com.alexconstantine.poker-tracker";
				PRODUCT_NAME = "$(TARGET_NAME)";
				SWIFT_VERSION = 4.0;
				TARGETED_DEVICE_FAMILY = "1,2";
			};
			name = Debug;
		};
		A4A13A6A20911106007340C6 /* Release */ = {
			isa = XCBuildConfiguration;
			baseConfigurationReference = 7EAD47766468BFCF246EDAD8 /* Pods-poker-tracker.release.xcconfig */;
			buildSettings = {
				ASSETCATALOG_COMPILER_APPICON_NAME = AppIcon;
				CODE_SIGN_STYLE = Automatic;
				DEVELOPMENT_TEAM = 6H3MF736FD;
				INFOPLIST_FILE = "poker-tracker/Info.plist";
				LD_RUNPATH_SEARCH_PATHS = "$(inherited) @executable_path/Frameworks";
				PRODUCT_BUNDLE_IDENTIFIER = "com.alexconstantine.poker-tracker";
				PRODUCT_NAME = "$(TARGET_NAME)";
				SWIFT_VERSION = 4.0;
				TARGETED_DEVICE_FAMILY = "1,2";
			};
			name = Release;
		};
		A4A13A6C20911106007340C6 /* Debug */ = {
			isa = XCBuildConfiguration;
			baseConfigurationReference = F2E8E93861395FF625DFAE57 /* Pods-poker-trackerTests.debug.xcconfig */;
			buildSettings = {
				ALWAYS_EMBED_SWIFT_STANDARD_LIBRARIES = YES;
				BUNDLE_LOADER = "$(TEST_HOST)";
				CODE_SIGN_STYLE = Automatic;
				DEVELOPMENT_TEAM = 6H3MF736FD;
				INFOPLIST_FILE = "poker-trackerTests/Info.plist";
				LD_RUNPATH_SEARCH_PATHS = "$(inherited) @executable_path/Frameworks @loader_path/Frameworks";
				PRODUCT_BUNDLE_IDENTIFIER = "com.alexconstantine.poker-trackerTests";
				PRODUCT_NAME = "$(TARGET_NAME)";
				SWIFT_VERSION = 4.0;
				TARGETED_DEVICE_FAMILY = "1,2";
				TEST_HOST = "$(BUILT_PRODUCTS_DIR)/poker-tracker.app/poker-tracker";
			};
			name = Debug;
		};
		A4A13A6D20911106007340C6 /* Release */ = {
			isa = XCBuildConfiguration;
			baseConfigurationReference = FC1013B46418E2604C46C091 /* Pods-poker-trackerTests.release.xcconfig */;
			buildSettings = {
				ALWAYS_EMBED_SWIFT_STANDARD_LIBRARIES = YES;
				BUNDLE_LOADER = "$(TEST_HOST)";
				CODE_SIGN_STYLE = Automatic;
				DEVELOPMENT_TEAM = 6H3MF736FD;
				INFOPLIST_FILE = "poker-trackerTests/Info.plist";
				LD_RUNPATH_SEARCH_PATHS = "$(inherited) @executable_path/Frameworks @loader_path/Frameworks";
				PRODUCT_BUNDLE_IDENTIFIER = "com.alexconstantine.poker-trackerTests";
				PRODUCT_NAME = "$(TARGET_NAME)";
				SWIFT_VERSION = 4.0;
				TARGETED_DEVICE_FAMILY = "1,2";
				TEST_HOST = "$(BUILT_PRODUCTS_DIR)/poker-tracker.app/poker-tracker";
			};
			name = Release;
		};
		A4A13A6F20911106007340C6 /* Debug */ = {
			isa = XCBuildConfiguration;
			baseConfigurationReference = 055C2F354162E46F725CD547 /* Pods-poker-trackerUITests.debug.xcconfig */;
			buildSettings = {
				ALWAYS_EMBED_SWIFT_STANDARD_LIBRARIES = YES;
				CODE_SIGN_STYLE = Automatic;
				DEVELOPMENT_TEAM = 6H3MF736FD;
				INFOPLIST_FILE = "poker-trackerUITests/Info.plist";
				LD_RUNPATH_SEARCH_PATHS = "$(inherited) @executable_path/Frameworks @loader_path/Frameworks";
				PRODUCT_BUNDLE_IDENTIFIER = "com.alexconstantine.poker-trackerUITests";
				PRODUCT_NAME = "$(TARGET_NAME)";
				SWIFT_VERSION = 4.0;
				TARGETED_DEVICE_FAMILY = "1,2";
				TEST_TARGET_NAME = "poker-tracker";
			};
			name = Debug;
		};
		A4A13A7020911106007340C6 /* Release */ = {
			isa = XCBuildConfiguration;
			baseConfigurationReference = A5443B52861CD40798842D3A /* Pods-poker-trackerUITests.release.xcconfig */;
			buildSettings = {
				ALWAYS_EMBED_SWIFT_STANDARD_LIBRARIES = YES;
				CODE_SIGN_STYLE = Automatic;
				DEVELOPMENT_TEAM = 6H3MF736FD;
				INFOPLIST_FILE = "poker-trackerUITests/Info.plist";
				LD_RUNPATH_SEARCH_PATHS = "$(inherited) @executable_path/Frameworks @loader_path/Frameworks";
				PRODUCT_BUNDLE_IDENTIFIER = "com.alexconstantine.poker-trackerUITests";
				PRODUCT_NAME = "$(TARGET_NAME)";
				SWIFT_VERSION = 4.0;
				TARGETED_DEVICE_FAMILY = "1,2";
				TEST_TARGET_NAME = "poker-tracker";
			};
			name = Release;
		};
/* End XCBuildConfiguration section */

/* Begin XCConfigurationList section */
		A4A13A3B20911105007340C6 /* Build configuration list for PBXProject "poker-tracker" */ = {
			isa = XCConfigurationList;
			buildConfigurations = (
				A4A13A6620911106007340C6 /* Debug */,
				A4A13A6720911106007340C6 /* Release */,
			);
			defaultConfigurationIsVisible = 0;
			defaultConfigurationName = Release;
		};
		A4A13A6820911106007340C6 /* Build configuration list for PBXNativeTarget "poker-tracker" */ = {
			isa = XCConfigurationList;
			buildConfigurations = (
				A4A13A6920911106007340C6 /* Debug */,
				A4A13A6A20911106007340C6 /* Release */,
			);
			defaultConfigurationIsVisible = 0;
			defaultConfigurationName = Release;
		};
		A4A13A6B20911106007340C6 /* Build configuration list for PBXNativeTarget "poker-trackerTests" */ = {
			isa = XCConfigurationList;
			buildConfigurations = (
				A4A13A6C20911106007340C6 /* Debug */,
				A4A13A6D20911106007340C6 /* Release */,
			);
			defaultConfigurationIsVisible = 0;
			defaultConfigurationName = Release;
		};
		A4A13A6E20911106007340C6 /* Build configuration list for PBXNativeTarget "poker-trackerUITests" */ = {
			isa = XCConfigurationList;
			buildConfigurations = (
				A4A13A6F20911106007340C6 /* Debug */,
				A4A13A7020911106007340C6 /* Release */,
			);
			defaultConfigurationIsVisible = 0;
			defaultConfigurationName = Release;
		};
/* End XCConfigurationList section */
	};
	rootObject = A4A13A3820911105007340C6 /* Project object */;
}
